
Microsoft Visual Studio Solution File, Format Version 12.00
# Visual Studio Version 17
VisualStudioVersion = 17.5.002.0
MinimumVisualStudioVersion = 10.0.40219.1
Project("{9A19103F-16F7-4668-BE54-9A1E7A4F7556}") = "generator-API", "generator-API.csproj", "{D6F3B25D-78B2-4AE6-9F67-396E8E2D7DC5}"
EndProject
Global
	GlobalSection(SolutionConfigurationPlatforms) = preSolution
		Debug|Any CPU = Debug|Any CPU
		Release|Any CPU = Release|Any CPU
	EndGlobalSection
	GlobalSection(ProjectConfigurationPlatforms) = postSolution
		{D6F3B25D-78B2-4AE6-9F67-396E8E2D7DC5}.Debug|Any CPU.ActiveCfg = Debug|Any CPU
		{D6F3B25D-78B2-4AE6-9F67-396E8E2D7DC5}.Debug|Any CPU.Build.0 = Debug|Any CPU
		{D6F3B25D-78B2-4AE6-9F67-396E8E2D7DC5}.Release|Any CPU.ActiveCfg = Release|Any CPU
		{D6F3B25D-78B2-4AE6-9F67-396E8E2D7DC5}.Release|Any CPU.Build.0 = Release|Any CPU
	EndGlobalSection
	GlobalSection(SolutionProperties) = preSolution
		HideSolutionNode = FALSE
	EndGlobalSection
	GlobalSection(ExtensibilityGlobals) = postSolution
		SolutionGuid = {55CE7523-A071-4C0A-A832-667F2E1506F7}
	EndGlobalSection
EndGlobal
